// !$*UTF8*$!
{
	archiveVersion = 1;
	classes = {
	};
	objectVersion = 56;
	objects = {

/* Begin PBXBuildFile section */
		3906F8CF2AF948B000FD3F34 /* TrynGoApp.swift in Sources */ = {isa = PBXBuildFile; fileRef = 3906F8CE2AF948B000FD3F34 /* TrynGoApp.swift */; };
		3906F8D12AF948B000FD3F34 /* ContentView.swift in Sources */ = {isa = PBXBuildFile; fileRef = 3906F8D02AF948B000FD3F34 /* ContentView.swift */; };
		3906F8D32AF948B100FD3F34 /* Assets.xcassets in Resources */ = {isa = PBXBuildFile; fileRef = 3906F8D22AF948B100FD3F34 /* Assets.xcassets */; };
		3906F8D72AF948B100FD3F34 /* Preview Assets.xcassets in Resources */ = {isa = PBXBuildFile; fileRef = 3906F8D62AF948B100FD3F34 /* Preview Assets.xcassets */; };
		3907CC772B0FB87900051F57 /* LoginAndRegister.swift in Sources */ = {isa = PBXBuildFile; fileRef = 3907CC762B0FB87900051F57 /* LoginAndRegister.swift */; };
		3907CC792B0FB91D00051F57 /* TGAIPaintView.swift in Sources */ = {isa = PBXBuildFile; fileRef = 3907CC782B0FB91D00051F57 /* TGAIPaintView.swift */; };
		3907CC7B2B0FBA5300051F57 /* ColorsExtension.swift in Sources */ = {isa = PBXBuildFile; fileRef = 3907CC7A2B0FBA5300051F57 /* ColorsExtension.swift */; };
		3907CC7D2B0FCEB700051F57 /* ImagePicker.swift in Sources */ = {isa = PBXBuildFile; fileRef = 3907CC7C2B0FCEB700051F57 /* ImagePicker.swift */; };
		39AD97112B2775AA002F9CBF /* TGAlbumView.swift in Sources */ = {isa = PBXBuildFile; fileRef = 39AD97102B2775AA002F9CBF /* TGAlbumView.swift */; };
/* End PBXBuildFile section */

/* Begin PBXFileReference section */
		3906F8CB2AF948B000FD3F34 /* TrynGo.app */ = {isa = PBXFileReference; explicitFileType = wrapper.application; includeInIndex = 0; path = TrynGo.app; sourceTree = BUILT_PRODUCTS_DIR; };
		3906F8CE2AF948B000FD3F34 /* TrynGoApp.swift */ = {isa = PBXFileReference; lastKnownFileType = sourcecode.swift; path = TrynGoApp.swift; sourceTree = "<group>"; };
		3906F8D02AF948B000FD3F34 /* ContentView.swift */ = {isa = PBXFileReference; lastKnownFileType = sourcecode.swift; path = ContentView.swift; sourceTree = "<group>"; };
		3906F8D22AF948B100FD3F34 /* Assets.xcassets */ = {isa = PBXFileReference; lastKnownFileType = folder.assetcatalog; path = Assets.xcassets; sourceTree = "<group>"; };
		3906F8D42AF948B100FD3F34 /* TrynGo.entitlements */ = {isa = PBXFileReference; lastKnownFileType = text.plist.entitlements; path = TrynGo.entitlements; sourceTree = "<group>"; };
		3906F8D62AF948B100FD3F34 /* Preview Assets.xcassets */ = {isa = PBXFileReference; lastKnownFileType = folder.assetcatalog; path = "Preview Assets.xcassets"; sourceTree = "<group>"; };
		3907CC762B0FB87900051F57 /* LoginAndRegister.swift */ = {isa = PBXFileReference; lastKnownFileType = sourcecode.swift; path = LoginAndRegister.swift; sourceTree = "<group>"; };
		3907CC782B0FB91D00051F57 /* TGAIPaintView.swift */ = {isa = PBXFileReference; lastKnownFileType = sourcecode.swift; path = TGAIPaintView.swift; sourceTree = "<group>"; };
		3907CC7A2B0FBA5300051F57 /* ColorsExtension.swift */ = {isa = PBXFileReference; lastKnownFileType = sourcecode.swift; path = ColorsExtension.swift; sourceTree = "<group>"; };
		3907CC7C2B0FCEB700051F57 /* ImagePicker.swift */ = {isa = PBXFileReference; lastKnownFileType = sourcecode.swift; path = ImagePicker.swift; sourceTree = "<group>"; };
		39AD97102B2775AA002F9CBF /* TGAlbumView.swift */ = {isa = PBXFileReference; lastKnownFileType = sourcecode.swift; path = TGAlbumView.swift; sourceTree = "<group>"; };
/* End PBXFileReference section */

/* Begin PBXFrameworksBuildPhase section */
		3906F8C82AF948B000FD3F34 /* Frameworks */ = {
			isa = PBXFrameworksBuildPhase;
			buildActionMask = 2147483647;
			files = (
			);
			runOnlyForDeploymentPostprocessing = 0;
		};
/* End PBXFrameworksBuildPhase section */

/* Begin PBXGroup section */
		3906F8C22AF948B000FD3F34 = {
			isa = PBXGroup;
			children = (
				3906F8CD2AF948B000FD3F34 /* TrynGo */,
				3906F8CC2AF948B000FD3F34 /* Products */,
			);
			sourceTree = "<group>";
		};
		3906F8CC2AF948B000FD3F34 /* Products */ = {
			isa = PBXGroup;
			children = (
				3906F8CB2AF948B000FD3F34 /* TrynGo.app */,
			);
			name = Products;
			sourceTree = "<group>";
		};
		3906F8CD2AF948B000FD3F34 /* TrynGo */ = {
			isa = PBXGroup;
			children = (
				3907CC752B0FB85500051F57 /* Login */,
				3907CC702B0FB7C100051F57 /* Base */,
				3907CC6F2B0FB7AC00051F57 /* Tools */,
				3907CC6E2B0FB76E00051F57 /* Modules */,
				3907CC6D2B0FB76200051F57 /* Home */,
				3906F8CE2AF948B000FD3F34 /* TrynGoApp.swift */,
				3906F8D22AF948B100FD3F34 /* Assets.xcassets */,
				3906F8D42AF948B100FD3F34 /* TrynGo.entitlements */,
				3906F8D52AF948B100FD3F34 /* Preview Content */,
			);
			path = TrynGo;
			sourceTree = "<group>";
		};
		3906F8D52AF948B100FD3F34 /* Preview Content */ = {
			isa = PBXGroup;
			children = (
				3906F8D62AF948B100FD3F34 /* Preview Assets.xcassets */,
			);
			path = "Preview Content";
			sourceTree = "<group>";
		};
		3907CC6D2B0FB76200051F57 /* Home */ = {
			isa = PBXGroup;
			children = (
				3906F8D02AF948B000FD3F34 /* ContentView.swift */,
			);
			path = Home;
			sourceTree = "<group>";
		};
		3907CC6E2B0FB76E00051F57 /* Modules */ = {
			isa = PBXGroup;
			children = (
				3907CC742B0FB81800051F57 /* MyZone */,
				3907CC732B0FB7ED00051F57 /* AISchool */,
				3907CC722B0FB7E400051F57 /* AIMap */,
				3907CC712B0FB7CE00051F57 /* AIPaint */,
			);
			path = Modules;
			sourceTree = "<group>";
		};
		3907CC6F2B0FB7AC00051F57 /* Tools */ = {
			isa = PBXGroup;
			children = (
				3907CC7A2B0FBA5300051F57 /* ColorsExtension.swift */,
				3907CC7C2B0FCEB700051F57 /* ImagePicker.swift */,
			);
			path = Tools;
			sourceTree = "<group>";
		};
		3907CC702B0FB7C100051F57 /* Base */ = {
			isa = PBXGroup;
			children = (
			);
			path = Base;
			sourceTree = "<group>";
		};
		3907CC712B0FB7CE00051F57 /* AIPaint */ = {
			isa = PBXGroup;
			children = (
				3907CC782B0FB91D00051F57 /* TGAIPaintView.swift */,
				39AD97102B2775AA002F9CBF /* TGAlbumView.swift */,
			);
			path = AIPaint;
			sourceTree = "<group>";
		};
		3907CC722B0FB7E400051F57 /* AIMap */ = {
			isa = PBXGroup;
			children = (
			);
			path = AIMap;
			sourceTree = "<group>";
		};
		3907CC732B0FB7ED00051F57 /* AISchool */ = {
			isa = PBXGroup;
			children = (
			);
			path = AISchool;
			sourceTree = "<group>";
		};
		3907CC742B0FB81800051F57 /* MyZone */ = {
			isa = PBXGroup;
			children = (
			);
			path = MyZone;
			sourceTree = "<group>";
		};
		3907CC752B0FB85500051F57 /* Login */ = {
			isa = PBXGroup;
			children = (
				3907CC762B0FB87900051F57 /* LoginAndRegister.swift */,
			);
			path = Login;
			sourceTree = "<group>";
		};
/* End PBXGroup section */

/* Begin PBXNativeTarget section */
		3906F8CA2AF948B000FD3F34 /* TrynGo */ = {
			isa = PBXNativeTarget;
			buildConfigurationList = 3906F8DA2AF948B100FD3F34 /* Build configuration list for PBXNativeTarget "TrynGo" */;
			buildPhases = (
				3906F8C72AF948B000FD3F34 /* Sources */,
				3906F8C82AF948B000FD3F34 /* Frameworks */,
				3906F8C92AF948B000FD3F34 /* Resources */,
			);
			buildRules = (
			);
			dependencies = (
			);
			name = TrynGo;
			productName = TrynGo;
			productReference = 3906F8CB2AF948B000FD3F34 /* TrynGo.app */;
			productType = "com.apple.product-type.application";
		};
/* End PBXNativeTarget section */

/* Begin PBXProject section */
		3906F8C32AF948B000FD3F34 /* Project object */ = {
			isa = PBXProject;
			attributes = {
				BuildIndependentTargetsInParallel = 1;
				LastSwiftUpdateCheck = 1500;
				LastUpgradeCheck = 1500;
				TargetAttributes = {
					3906F8CA2AF948B000FD3F34 = {
						CreatedOnToolsVersion = 15.0.1;
					};
				};
			};
			buildConfigurationList = 3906F8C62AF948B000FD3F34 /* Build configuration list for PBXProject "TrynGo" */;
			compatibilityVersion = "Xcode 14.0";
			developmentRegion = en;
			hasScannedForEncodings = 0;
			knownRegions = (
				en,
				Base,
			);
			mainGroup = 3906F8C22AF948B000FD3F34;
			productRefGroup = 3906F8CC2AF948B000FD3F34 /* Products */;
			projectDirPath = "";
			projectRoot = "";
			targets = (
				3906F8CA2AF948B000FD3F34 /* TrynGo */,
			);
		};
/* End PBXProject section */

/* Begin PBXResourcesBuildPhase section */
		3906F8C92AF948B000FD3F34 /* Resources */ = {
			isa = PBXResourcesBuildPhase;
			buildActionMask = 2147483647;
			files = (
				3906F8D72AF948B100FD3F34 /* Preview Assets.xcassets in Resources */,
				3906F8D32AF948B100FD3F34 /* Assets.xcassets in Resources */,
			);
			runOnlyForDeploymentPostprocessing = 0;
		};
/* End PBXResourcesBuildPhase section */

/* Begin PBXSourcesBuildPhase section */
		3906F8C72AF948B000FD3F34 /* Sources */ = {
			isa = PBXSourcesBuildPhase;
			buildActionMask = 2147483647;
			files = (
				39AD97112B2775AA002F9CBF /* TGAlbumView.swift in Sources */,
				3907CC7B2B0FBA5300051F57 /* ColorsExtension.swift in Sources */,
				3906F8D12AF948B000FD3F34 /* ContentView.swift in Sources */,
				3906F8CF2AF948B000FD3F34 /* TrynGoApp.swift in Sources */,
				3907CC7D2B0FCEB700051F57 /* ImagePicker.swift in Sources */,
				3907CC792B0FB91D00051F57 /* TGAIPaintView.swift in Sources */,
				3907CC772B0FB87900051F57 /* LoginAndRegister.swift in Sources */,
			);
			runOnlyForDeploymentPostprocessing = 0;
		};
/* End PBXSourcesBuildPhase section */

/* Begin XCBuildConfiguration section */
		3906F8D82AF948B100FD3F34 /* Debug */ = {
			isa = XCBuildConfiguration;
			buildSettings = {
				ALWAYS_SEARCH_USER_PATHS = NO;
				ASSETCATALOG_COMPILER_GENERATE_SWIFT_ASSET_SYMBOL_EXTENSIONS = YES;
				CLANG_ANALYZER_NONNULL = YES;
				CLANG_ANALYZER_NUMBER_OBJECT_CONVERSION = YES_AGGRESSIVE;
				CLANG_CXX_LANGUAGE_STANDARD = "gnu++20";
				CLANG_ENABLE_MODULES = YES;
				CLANG_ENABLE_OBJC_ARC = YES;
				CLANG_ENABLE_OBJC_WEAK = YES;
				CLANG_WARN_BLOCK_CAPTURE_AUTORELEASING = YES;
				CLANG_WARN_BOOL_CONVERSION = YES;
				CLANG_WARN_COMMA = YES;
				CLANG_WARN_CONSTANT_CONVERSION = YES;
				CLANG_WARN_DEPRECATED_OBJC_IMPLEMENTATIONS = YES;
				CLANG_WARN_DIRECT_OBJC_ISA_USAGE = YES_ERROR;
				CLANG_WARN_DOCUMENTATION_COMMENTS = YES;
				CLANG_WARN_EMPTY_BODY = YES;
				CLANG_WARN_ENUM_CONVERSION = YES;
				CLANG_WARN_INFINITE_RECURSION = YES;
				CLANG_WARN_INT_CONVERSION = YES;
				CLANG_WARN_NON_LITERAL_NULL_CONVERSION = YES;
				CLANG_WARN_OBJC_IMPLICIT_RETAIN_SELF = YES;
				CLANG_WARN_OBJC_LITERAL_CONVERSION = YES;
				CLANG_WARN_OBJC_ROOT_CLASS = YES_ERROR;
				CLANG_WARN_QUOTED_INCLUDE_IN_FRAMEWORK_HEADER = YES;
				CLANG_WARN_RANGE_LOOP_ANALYSIS = YES;
				CLANG_WARN_STRICT_PROTOTYPES = YES;
				CLANG_WARN_SUSPICIOUS_MOVE = YES;
				CLANG_WARN_UNGUARDED_AVAILABILITY = YES_AGGRESSIVE;
				CLANG_WARN_UNREACHABLE_CODE = YES;
				CLANG_WARN__DUPLICATE_METHOD_MATCH = YES;
				COPY_PHASE_STRIP = NO;
				DEBUG_INFORMATION_FORMAT = dwarf;
				ENABLE_STRICT_OBJC_MSGSEND = YES;
				ENABLE_TESTABILITY = YES;
				ENABLE_USER_SCRIPT_SANDBOXING = YES;
				GCC_C_LANGUAGE_STANDARD = gnu17;
				GCC_DYNAMIC_NO_PIC = NO;
				GCC_NO_COMMON_BLOCKS = YES;
				GCC_OPTIMIZATION_LEVEL = 0;
				GCC_PREPROCESSOR_DEFINITIONS = (
					"DEBUG=1",
					"$(inherited)",
				);
				GCC_WARN_64_TO_32_BIT_CONVERSION = YES;
				GCC_WARN_ABOUT_RETURN_TYPE = YES_ERROR;
				GCC_WARN_UNDECLARED_SELECTOR = YES;
				GCC_WARN_UNINITIALIZED_AUTOS = YES_AGGRESSIVE;
				GCC_WARN_UNUSED_FUNCTION = YES;
				GCC_WARN_UNUSED_VARIABLE = YES;
				LOCALIZATION_PREFERS_STRING_CATALOGS = YES;
				MTL_ENABLE_DEBUG_INFO = INCLUDE_SOURCE;
				MTL_FAST_MATH = YES;
				ONLY_ACTIVE_ARCH = YES;
				SWIFT_ACTIVE_COMPILATION_CONDITIONS = "DEBUG $(inherited)";
				SWIFT_OPTIMIZATION_LEVEL = "-Onone";
			};
			name = Debug;
		};
		3906F8D92AF948B100FD3F34 /* Release */ = {
			isa = XCBuildConfiguration;
			buildSettings = {
				ALWAYS_SEARCH_USER_PATHS = NO;
				ASSETCATALOG_COMPILER_GENERATE_SWIFT_ASSET_SYMBOL_EXTENSIONS = YES;
				CLANG_ANALYZER_NONNULL = YES;
				CLANG_ANALYZER_NUMBER_OBJECT_CONVERSION = YES_AGGRESSIVE;
				CLANG_CXX_LANGUAGE_STANDARD = "gnu++20";
				CLANG_ENABLE_MODULES = YES;
				CLANG_ENABLE_OBJC_ARC = YES;
				CLANG_ENABLE_OBJC_WEAK = YES;
				CLANG_WARN_BLOCK_CAPTURE_AUTORELEASING = YES;
				CLANG_WARN_BOOL_CONVERSION = YES;
				CLANG_WARN_COMMA = YES;
				CLANG_WARN_CONSTANT_CONVERSION = YES;
				CLANG_WARN_DEPRECATED_OBJC_IMPLEMENTATIONS = YES;
				CLANG_WARN_DIRECT_OBJC_ISA_USAGE = YES_ERROR;
				CLANG_WARN_DOCUMENTATION_COMMENTS = YES;
				CLANG_WARN_EMPTY_BODY = YES;
				CLANG_WARN_ENUM_CONVERSION = YES;
				CLANG_WARN_INFINITE_RECURSION = YES;
				CLANG_WARN_INT_CONVERSION = YES;
				CLANG_WARN_NON_LITERAL_NULL_CONVERSION = YES;
				CLANG_WARN_OBJC_IMPLICIT_RETAIN_SELF = YES;
				CLANG_WARN_OBJC_LITERAL_CONVERSION = YES;
				CLANG_WARN_OBJC_ROOT_CLASS = YES_ERROR;
				CLANG_WARN_QUOTED_INCLUDE_IN_FRAMEWORK_HEADER = YES;
				CLANG_WARN_RANGE_LOOP_ANALYSIS = YES;
				CLANG_WARN_STRICT_PROTOTYPES = YES;
				CLANG_WARN_SUSPICIOUS_MOVE = YES;
				CLANG_WARN_UNGUARDED_AVAILABILITY = YES_AGGRESSIVE;
				CLANG_WARN_UNREACHABLE_CODE = YES;
				CLANG_WARN__DUPLICATE_METHOD_MATCH = YES;
				COPY_PHASE_STRIP = NO;
				DEBUG_INFORMATION_FORMAT = "dwarf-with-dsym";
				ENABLE_NS_ASSERTIONS = NO;
				ENABLE_STRICT_OBJC_MSGSEND = YES;
				ENABLE_USER_SCRIPT_SANDBOXING = YES;
				GCC_C_LANGUAGE_STANDARD = gnu17;
				GCC_NO_COMMON_BLOCKS = YES;
				GCC_WARN_64_TO_32_BIT_CONVERSION = YES;
				GCC_WARN_ABOUT_RETURN_TYPE = YES_ERROR;
				GCC_WARN_UNDECLARED_SELECTOR = YES;
				GCC_WARN_UNINITIALIZED_AUTOS = YES_AGGRESSIVE;
				GCC_WARN_UNUSED_FUNCTION = YES;
				GCC_WARN_UNUSED_VARIABLE = YES;
				LOCALIZATION_PREFERS_STRING_CATALOGS = YES;
				MTL_ENABLE_DEBUG_INFO = NO;
				MTL_FAST_MATH = YES;
				SWIFT_COMPILATION_MODE = wholemodule;
			};
			name = Release;
		};
		3906F8DB2AF948B100FD3F34 /* Debug */ = {
			isa = XCBuildConfiguration;
			buildSettings = {
				ASSETCATALOG_COMPILER_APPICON_NAME = AppIcon;
				ASSETCATALOG_COMPILER_GLOBAL_ACCENT_COLOR_NAME = AccentColor;
				CODE_SIGN_ENTITLEMENTS = TrynGo/TrynGo.entitlements;
				CODE_SIGN_STYLE = Automatic;
				CURRENT_PROJECT_VERSION = 1;
				DEVELOPMENT_ASSET_PATHS = "\"TrynGo/Preview Content\"";
				ENABLE_PREVIEWS = YES;
				GENERATE_INFOPLIST_FILE = YES;
				INFOPLIST_KEY_CFBundleDisplayName = TrynGo;
				"INFOPLIST_KEY_UIApplicationSceneManifest_Generation[sdk=iphoneos*]" = YES;
				"INFOPLIST_KEY_UIApplicationSceneManifest_Generation[sdk=iphonesimulator*]" = YES;
				"INFOPLIST_KEY_UIApplicationSupportsIndirectInputEvents[sdk=iphoneos*]" = YES;
				"INFOPLIST_KEY_UIApplicationSupportsIndirectInputEvents[sdk=iphonesimulator*]" = YES;
				"INFOPLIST_KEY_UILaunchScreen_Generation[sdk=iphoneos*]" = YES;
				"INFOPLIST_KEY_UILaunchScreen_Generation[sdk=iphonesimulator*]" = YES;
				"INFOPLIST_KEY_UIStatusBarStyle[sdk=iphoneos*]" = UIStatusBarStyleDefault;
				"INFOPLIST_KEY_UIStatusBarStyle[sdk=iphonesimulator*]" = UIStatusBarStyleDefault;
				INFOPLIST_KEY_UISupportedInterfaceOrientations = "UIInterfaceOrientationLandscapeLeft UIInterfaceOrientationLandscapeRight";
				IPHONEOS_DEPLOYMENT_TARGET = 16.0;
				LD_RUNPATH_SEARCH_PATHS = "@executable_path/Frameworks";
				"LD_RUNPATH_SEARCH_PATHS[sdk=macosx*]" = "@executable_path/../Frameworks";
				MACOSX_DEPLOYMENT_TARGET = 13.0;
				MARKETING_VERSION = 1.0;
				PRODUCT_BUNDLE_IDENTIFIER = com.tryngo.TrynGo;
				PRODUCT_NAME = "$(TARGET_NAME)";
				SDKROOT = auto;
				SUPPORTED_PLATFORMS = "iphoneos iphonesimulator macosx";
				SWIFT_EMIT_LOC_STRINGS = YES;
				SWIFT_VERSION = 5.0;
				TARGETED_DEVICE_FAMILY = "1,2";
			};
			name = Debug;
		};
		3906F8DC2AF948B100FD3F34 /* Release */ = {
			isa = XCBuildConfiguration;
			buildSettings = {
				ASSETCATALOG_COMPILER_APPICON_NAME = AppIcon;
				ASSETCATALOG_COMPILER_GLOBAL_ACCENT_COLOR_NAME = AccentColor;
				CODE_SIGN_ENTITLEMENTS = TrynGo/TrynGo.entitlements;
				CODE_SIGN_STYLE = Automatic;
				CURRENT_PROJECT_VERSION = 1;
				DEVELOPMENT_ASSET_PATHS = "\"TrynGo/Preview Content\"";
				ENABLE_PREVIEWS = YES;
				GENERATE_INFOPLIST_FILE = YES;
				INFOPLIST_KEY_CFBundleDisplayName = TrynGo;
				"INFOPLIST_KEY_UIApplicationSceneManifest_Generation[sdk=iphoneos*]" = YES;
				"INFOPLIST_KEY_UIApplicationSceneManifest_Generation[sdk=iphonesimulator*]" = YES;
				"INFOPLIST_KEY_UIApplicationSupportsIndirectInputEvents[sdk=iphoneos*]" = YES;
				"INFOPLIST_KEY_UIApplicationSupportsIndirectInputEvents[sdk=iphonesimulator*]" = YES;
				"INFOPLIST_KEY_UILaunchScreen_Generation[sdk=iphoneos*]" = YES;
				"INFOPLIST_KEY_UILaunchScreen_Generation[sdk=iphonesimulator*]" = YES;
				"INFOPLIST_KEY_UIStatusBarStyle[sdk=iphoneos*]" = UIStatusBarStyleDefault;
				"INFOPLIST_KEY_UIStatusBarStyle[sdk=iphonesimulator*]" = UIStatusBarStyleDefault;
				INFOPLIST_KEY_UISupportedInterfaceOrientations = "UIInterfaceOrientationLandscapeLeft UIInterfaceOrientationLandscapeRight";
				IPHONEOS_DEPLOYMENT_TARGET = 16.0;
				LD_RUNPATH_SEARCH_PATHS = "@executable_path/Frameworks";
				"LD_RUNPATH_SEARCH_PATHS[sdk=macosx*]" = "@executable_path/../Frameworks";
				MACOSX_DEPLOYMENT_TARGET = 13.0;
				MARKETING_VERSION = 1.0;
				PRODUCT_BUNDLE_IDENTIFIER = com.tryngo.TrynGo;
				PRODUCT_NAME = "$(TARGET_NAME)";
				SDKROOT = auto;
				SUPPORTED_PLATFORMS = "iphoneos iphonesimulator macosx";
				SWIFT_EMIT_LOC_STRINGS = YES;
				SWIFT_VERSION = 5.0;
				TARGETED_DEVICE_FAMILY = "1,2";
			};
			name = Release;
		};
/* End XCBuildConfiguration section */

/* Begin XCConfigurationList section */
		3906F8C62AF948B000FD3F34 /* Build configuration list for PBXProject "TrynGo" */ = {
			isa = XCConfigurationList;
			buildConfigurations = (
				3906F8D82AF948B100FD3F34 /* Debug */,
				3906F8D92AF948B100FD3F34 /* Release */,
			);
			defaultConfigurationIsVisible = 0;
			defaultConfigurationName = Release;
		};
		3906F8DA2AF948B100FD3F34 /* Build configuration list for PBXNativeTarget "TrynGo" */ = {
			isa = XCConfigurationList;
			buildConfigurations = (
				3906F8DB2AF948B100FD3F34 /* Debug */,
				3906F8DC2AF948B100FD3F34 /* Release */,
			);
			defaultConfigurationIsVisible = 0;
			defaultConfigurationName = Release;
		};
/* End XCConfigurationList section */
	};
	rootObject = 3906F8C32AF948B000FD3F34 /* Project object */;
}
